{
  "name": "kishlayk568",
  "version": "1.0.0",
  "lockfileVersion": 3,
  "requires": true,
  "packages": {
    "": {
      "name": "kishlayk568",
      "version": "1.0.0",
      "license": "ISC",
      "dependencies": {
        "calculatorfile": "^1.0.0",
        "jaskiratpackage": "^1.0.1",
        "lodash": "^4.17.21"
      }
    },
    "node_modules/calculatorfile": {
      "version": "1.0.0",
      "resolved": "https://registry.npmjs.org/calculatorfile/-/calculatorfile-1.0.0.tgz",
      "integrity": "sha512-TpMJ8hfNFxC70eHgb0xT9/ar6bnxl2T6z4t2pXYaQSJHynmqrDF9expWyjX5vIAar3eXlNLJ1/cSTwohAQhoYw==",
      "dependencies": {
        "hprint": "^1.0.0",
        "lodash": "^4.17.21",
        "mul": "^0.0.1-alpha.0"
      }
    },
    "node_modules/hprint": {
      "version": "1.0.0",
      "resolved": "https://registry.npmjs.org/hprint/-/hprint-1.0.0.tgz",
      "integrity": "sha512-Pa4tQn1sMwhaQJtlZitoUgt3QJ+Jbjp3JK7hUqhFrKZnXIfhgDMbTW57Wq5gKAnXwf0DjxwH18YMuxvNxK7L0g==",
      "dependencies": {
        "lodash": "^4.17.21"
      }
    },
    "node_modules/jaskiratpackage": {
      "version": "1.0.1",
      "resolved": "https://registry.npmjs.org/jaskiratpackage/-/jaskiratpackage-1.0.1.tgz",
      "integrity": "sha512-8tH72BBiXc2JNvZAnZLZill1jyq6gkVNwBBkm2HDfBRAANrp+kkoUnGMvECYt8SjF9UEU96ypmndOk5SATWv5w==",
      "dependencies": {
        "lodash": "^4.17.21"
      }
    },
    "node_modules/lodash": {
      "version": "4.17.21",
      "resolved": "https://registry.npmjs.org/lodash/-/lodash-4.17.21.tgz",
      "integrity": "sha512-v2kDEe57lecTulaDIuNTPy3Ry4gLGJ6Z1O3vE1krgXZNrsQ+LFTGHVxVjcXPs17LhbZVGedAJv8XZ1tvj5FvSg=="
    },
    "node_modules/mul": {
      "version": "0.0.1-alpha.0",
      "resolved": "https://registry.npmjs.org/mul/-/mul-0.0.1-alpha.0.tgz",
      "integrity": "sha512-TqTCLzagdTN9slkvt+PoCaFTMUpobi2Y+f/sX9FgH1hL3THaZYJVsUGs8QT7WplAuxpEINFsQJ+HMhv+FDkbWg=="
    }
  }
}
